
Microsoft Visual Studio Solution File, Format Version 12.00
# Visual Studio Version 16
VisualStudioVersion = 16.0.29020.237
MinimumVisualStudioVersion = 10.0.40219.1
Project("{FAE04EC0-301F-11D3-BF4B-00C04F79EFBC}") = "Chapter 5 Application 2", "Chapter 5 Application 2\Chapter 5 Application 2.csproj", "{02051ADC-D268-4347-B83E-0A7937A8B3C7}"
EndProject
Global
	GlobalSection(SolutionConfigurationPlatforms) = preSolution
		Debug|Any CPU = Debug|Any CPU
		Release|Any CPU = Release|Any CPU
	EndGlobalSection
	GlobalSection(ProjectConfigurationPlatforms) = postSolution
		{02051ADC-D268-4347-B83E-0A7937A8B3C7}.Debug|Any CPU.ActiveCfg = Debug|Any CPU
		{02051ADC-D268-4347-B83E-0A7937A8B3C7}.Debug|Any CPU.Build.0 = Debug|Any CPU
		{02051ADC-D268-4347-B83E-0A7937A8B3C7}.Release|Any CPU.ActiveCfg = Release|Any CPU
		{02051ADC-D268-4347-B83E-0A7937A8B3C7}.Release|Any CPU.Build.0 = Release|Any CPU
	EndGlobalSection
	GlobalSection(SolutionProperties) = preSolution
		HideSolutionNode = FALSE
	EndGlobalSection
	GlobalSection(ExtensibilityGlobals) = postSolution
		SolutionGuid = {5D63C101-23A2-4300-8615-7D09C2B69AF3}
	EndGlobalSection
EndGlobal
