
Microsoft Visual Studio Solution File, Format Version 12.00
# Visual Studio 15
VisualStudioVersion = 15.0.28307.489
MinimumVisualStudioVersion = 10.0.40219.1
Project("{FAE04EC0-301F-11D3-BF4B-00C04F79EFBC}") = "TestClassLibrary1", "TestClassLibrary1\TestClassLibrary1.csproj", "{842A4DA8-9FE5-4890-BBD1-888BC27C5438}"
EndProject
Global
	GlobalSection(SolutionConfigurationPlatforms) = preSolution
		Debug|Any CPU = Debug|Any CPU
		Release|Any CPU = Release|Any CPU
	EndGlobalSection
	GlobalSection(ProjectConfigurationPlatforms) = postSolution
		{842A4DA8-9FE5-4890-BBD1-888BC27C5438}.Debug|Any CPU.ActiveCfg = Debug|Any CPU
		{842A4DA8-9FE5-4890-BBD1-888BC27C5438}.Debug|Any CPU.Build.0 = Debug|Any CPU
		{842A4DA8-9FE5-4890-BBD1-888BC27C5438}.Release|Any CPU.ActiveCfg = Release|Any CPU
		{842A4DA8-9FE5-4890-BBD1-888BC27C5438}.Release|Any CPU.Build.0 = Release|Any CPU
	EndGlobalSection
	GlobalSection(SolutionProperties) = preSolution
		HideSolutionNode = FALSE
	EndGlobalSection
	GlobalSection(ExtensibilityGlobals) = postSolution
		SolutionGuid = {732DA904-C162-4F66-914B-B96107F6A663}
	EndGlobalSection
EndGlobal
