
Microsoft Visual Studio Solution File, Format Version 12.00
# Visual Studio Version 16
VisualStudioVersion = 16.0.29020.237
MinimumVisualStudioVersion = 10.0.40219.1
Project("{FAE04EC0-301F-11D3-BF4B-00C04F79EFBC}") = "Chapter 5 Application 1", "Chapter 5 Application 1\Chapter 5 Application 1.csproj", "{4CFA80B3-7C18-4850-BA70-C6219A16FB6C}"
EndProject
Global
	GlobalSection(SolutionConfigurationPlatforms) = preSolution
		Debug|Any CPU = Debug|Any CPU
		Release|Any CPU = Release|Any CPU
	EndGlobalSection
	GlobalSection(ProjectConfigurationPlatforms) = postSolution
		{4CFA80B3-7C18-4850-BA70-C6219A16FB6C}.Debug|Any CPU.ActiveCfg = Debug|Any CPU
		{4CFA80B3-7C18-4850-BA70-C6219A16FB6C}.Debug|Any CPU.Build.0 = Debug|Any CPU
		{4CFA80B3-7C18-4850-BA70-C6219A16FB6C}.Release|Any CPU.ActiveCfg = Release|Any CPU
		{4CFA80B3-7C18-4850-BA70-C6219A16FB6C}.Release|Any CPU.Build.0 = Release|Any CPU
	EndGlobalSection
	GlobalSection(SolutionProperties) = preSolution
		HideSolutionNode = FALSE
	EndGlobalSection
	GlobalSection(ExtensibilityGlobals) = postSolution
		SolutionGuid = {E27FB7CE-8E76-4D51-AAA7-41D9664635B7}
	EndGlobalSection
EndGlobal
