
Microsoft Visual Studio Solution File, Format Version 12.00
# Visual Studio Version 16
VisualStudioVersion = 16.0.29020.237
MinimumVisualStudioVersion = 10.0.40219.1
Project("{FAE04EC0-301F-11D3-BF4B-00C04F79EFBC}") = "Chapter 4 Application 2", "Chapter 4 Application 2\Chapter 4 Application 2.csproj", "{B2A7A4EF-DC26-46A9-8959-D60D4254E72A}"
EndProject
Global
	GlobalSection(SolutionConfigurationPlatforms) = preSolution
		Debug|Any CPU = Debug|Any CPU
		Release|Any CPU = Release|Any CPU
	EndGlobalSection
	GlobalSection(ProjectConfigurationPlatforms) = postSolution
		{B2A7A4EF-DC26-46A9-8959-D60D4254E72A}.Debug|Any CPU.ActiveCfg = Debug|Any CPU
		{B2A7A4EF-DC26-46A9-8959-D60D4254E72A}.Debug|Any CPU.Build.0 = Debug|Any CPU
		{B2A7A4EF-DC26-46A9-8959-D60D4254E72A}.Release|Any CPU.ActiveCfg = Release|Any CPU
		{B2A7A4EF-DC26-46A9-8959-D60D4254E72A}.Release|Any CPU.Build.0 = Release|Any CPU
	EndGlobalSection
	GlobalSection(SolutionProperties) = preSolution
		HideSolutionNode = FALSE
	EndGlobalSection
	GlobalSection(ExtensibilityGlobals) = postSolution
		SolutionGuid = {B8939854-3AD5-49AB-816C-2405E0CF56FC}
	EndGlobalSection
EndGlobal
