
Microsoft Visual Studio Solution File, Format Version 12.00
# Visual Studio 15
VisualStudioVersion = 15.0.28307.489
MinimumVisualStudioVersion = 10.0.40219.1
Project("{FAE04EC0-301F-11D3-BF4B-00C04F79EFBC}") = "TestWindowsFormsApp1", "TestWindowsFormsApp1\TestWindowsFormsApp1.csproj", "{6F7AB561-A840-47CB-BB21-884BBECE8DEE}"
EndProject
Global
	GlobalSection(SolutionConfigurationPlatforms) = preSolution
		Debug|Any CPU = Debug|Any CPU
		Release|Any CPU = Release|Any CPU
	EndGlobalSection
	GlobalSection(ProjectConfigurationPlatforms) = postSolution
		{6F7AB561-A840-47CB-BB21-884BBECE8DEE}.Debug|Any CPU.ActiveCfg = Debug|Any CPU
		{6F7AB561-A840-47CB-BB21-884BBECE8DEE}.Debug|Any CPU.Build.0 = Debug|Any CPU
		{6F7AB561-A840-47CB-BB21-884BBECE8DEE}.Release|Any CPU.ActiveCfg = Release|Any CPU
		{6F7AB561-A840-47CB-BB21-884BBECE8DEE}.Release|Any CPU.Build.0 = Release|Any CPU
	EndGlobalSection
	GlobalSection(SolutionProperties) = preSolution
		HideSolutionNode = FALSE
	EndGlobalSection
	GlobalSection(ExtensibilityGlobals) = postSolution
		SolutionGuid = {C1644649-6B6B-47AF-878A-9541C3BF0218}
	EndGlobalSection
EndGlobal
