
Microsoft Visual Studio Solution File, Format Version 12.00
# Visual Studio Version 16
VisualStudioVersion = 16.0.29020.237
MinimumVisualStudioVersion = 10.0.40219.1
Project("{FAE04EC0-301F-11D3-BF4B-00C04F79EFBC}") = "Chapter 8 Application 2", "Chapter 8 Application 2\Chapter 8 Application 2.csproj", "{881E91F3-B04B-429B-AF68-CF08B79CAA64}"
EndProject
Global
	GlobalSection(SolutionConfigurationPlatforms) = preSolution
		Debug|Any CPU = Debug|Any CPU
		Release|Any CPU = Release|Any CPU
	EndGlobalSection
	GlobalSection(ProjectConfigurationPlatforms) = postSolution
		{881E91F3-B04B-429B-AF68-CF08B79CAA64}.Debug|Any CPU.ActiveCfg = Debug|Any CPU
		{881E91F3-B04B-429B-AF68-CF08B79CAA64}.Debug|Any CPU.Build.0 = Debug|Any CPU
		{881E91F3-B04B-429B-AF68-CF08B79CAA64}.Release|Any CPU.ActiveCfg = Release|Any CPU
		{881E91F3-B04B-429B-AF68-CF08B79CAA64}.Release|Any CPU.Build.0 = Release|Any CPU
	EndGlobalSection
	GlobalSection(SolutionProperties) = preSolution
		HideSolutionNode = FALSE
	EndGlobalSection
	GlobalSection(ExtensibilityGlobals) = postSolution
		SolutionGuid = {406B605B-4C87-4DB9-9A33-E72B0B0F165C}
	EndGlobalSection
EndGlobal
