
Microsoft Visual Studio Solution File, Format Version 12.00
# Visual Studio Version 16
VisualStudioVersion = 16.0.29020.237
MinimumVisualStudioVersion = 10.0.40219.1
Project("{FAE04EC0-301F-11D3-BF4B-00C04F79EFBC}") = "Chapter 8 Application 7", "Chapter 8 Application 7\Chapter 8 Application 7.csproj", "{87C78B74-ABC7-4E2A-9EEA-2FF3C97089B9}"
EndProject
Global
	GlobalSection(SolutionConfigurationPlatforms) = preSolution
		Debug|Any CPU = Debug|Any CPU
		Release|Any CPU = Release|Any CPU
	EndGlobalSection
	GlobalSection(ProjectConfigurationPlatforms) = postSolution
		{87C78B74-ABC7-4E2A-9EEA-2FF3C97089B9}.Debug|Any CPU.ActiveCfg = Debug|Any CPU
		{87C78B74-ABC7-4E2A-9EEA-2FF3C97089B9}.Debug|Any CPU.Build.0 = Debug|Any CPU
		{87C78B74-ABC7-4E2A-9EEA-2FF3C97089B9}.Release|Any CPU.ActiveCfg = Release|Any CPU
		{87C78B74-ABC7-4E2A-9EEA-2FF3C97089B9}.Release|Any CPU.Build.0 = Release|Any CPU
	EndGlobalSection
	GlobalSection(SolutionProperties) = preSolution
		HideSolutionNode = FALSE
	EndGlobalSection
	GlobalSection(ExtensibilityGlobals) = postSolution
		SolutionGuid = {E0510351-230A-46D5-A40F-CD4B700BCE9C}
	EndGlobalSection
EndGlobal
