
Microsoft Visual Studio Solution File, Format Version 12.00
# Visual Studio Version 16
VisualStudioVersion = 16.0.29020.237
MinimumVisualStudioVersion = 10.0.40219.1
Project("{FAE04EC0-301F-11D3-BF4B-00C04F79EFBC}") = "Chapter 9 Application 2", "Chapter 9 Application 2\Chapter 9 Application 2.csproj", "{F5EFA8FD-D526-4DE6-B422-DCC7F701B368}"
EndProject
Global
	GlobalSection(SolutionConfigurationPlatforms) = preSolution
		Debug|Any CPU = Debug|Any CPU
		Release|Any CPU = Release|Any CPU
	EndGlobalSection
	GlobalSection(ProjectConfigurationPlatforms) = postSolution
		{F5EFA8FD-D526-4DE6-B422-DCC7F701B368}.Debug|Any CPU.ActiveCfg = Debug|Any CPU
		{F5EFA8FD-D526-4DE6-B422-DCC7F701B368}.Debug|Any CPU.Build.0 = Debug|Any CPU
		{F5EFA8FD-D526-4DE6-B422-DCC7F701B368}.Release|Any CPU.ActiveCfg = Release|Any CPU
		{F5EFA8FD-D526-4DE6-B422-DCC7F701B368}.Release|Any CPU.Build.0 = Release|Any CPU
	EndGlobalSection
	GlobalSection(SolutionProperties) = preSolution
		HideSolutionNode = FALSE
	EndGlobalSection
	GlobalSection(ExtensibilityGlobals) = postSolution
		SolutionGuid = {5550E0BB-1B9D-48D4-9E71-2700E4F25656}
	EndGlobalSection
EndGlobal
