
Microsoft Visual Studio Solution File, Format Version 12.00
# Visual Studio Version 16
VisualStudioVersion = 16.0.29020.237
MinimumVisualStudioVersion = 10.0.40219.1
Project("{FAE04EC0-301F-11D3-BF4B-00C04F79EFBC}") = "Chapter 3 Application 2", "Chapter 3 Application 2\Chapter 3 Application 2.csproj", "{392D2201-81C4-44D7-9017-EC1D03AB78C0}"
EndProject
Global
	GlobalSection(SolutionConfigurationPlatforms) = preSolution
		Debug|Any CPU = Debug|Any CPU
		Release|Any CPU = Release|Any CPU
	EndGlobalSection
	GlobalSection(ProjectConfigurationPlatforms) = postSolution
		{392D2201-81C4-44D7-9017-EC1D03AB78C0}.Debug|Any CPU.ActiveCfg = Debug|Any CPU
		{392D2201-81C4-44D7-9017-EC1D03AB78C0}.Debug|Any CPU.Build.0 = Debug|Any CPU
		{392D2201-81C4-44D7-9017-EC1D03AB78C0}.Release|Any CPU.ActiveCfg = Release|Any CPU
		{392D2201-81C4-44D7-9017-EC1D03AB78C0}.Release|Any CPU.Build.0 = Release|Any CPU
	EndGlobalSection
	GlobalSection(SolutionProperties) = preSolution
		HideSolutionNode = FALSE
	EndGlobalSection
	GlobalSection(ExtensibilityGlobals) = postSolution
		SolutionGuid = {5572B448-BEFA-45AD-B8D6-5F5432ED4546}
	EndGlobalSection
EndGlobal
