
Microsoft Visual Studio Solution File, Format Version 12.00
# Visual Studio Version 16
VisualStudioVersion = 16.0.29020.237
MinimumVisualStudioVersion = 10.0.40219.1
Project("{FAE04EC0-301F-11D3-BF4B-00C04F79EFBC}") = "IfElseFun", "IfElseFun\IfElseFun.csproj", "{DA53F78D-076A-4F4F-A26E-E3AC12EC1CA4}"
EndProject
Global
	GlobalSection(SolutionConfigurationPlatforms) = preSolution
		Debug|Any CPU = Debug|Any CPU
		Release|Any CPU = Release|Any CPU
	EndGlobalSection
	GlobalSection(ProjectConfigurationPlatforms) = postSolution
		{DA53F78D-076A-4F4F-A26E-E3AC12EC1CA4}.Debug|Any CPU.ActiveCfg = Debug|Any CPU
		{DA53F78D-076A-4F4F-A26E-E3AC12EC1CA4}.Debug|Any CPU.Build.0 = Debug|Any CPU
		{DA53F78D-076A-4F4F-A26E-E3AC12EC1CA4}.Release|Any CPU.ActiveCfg = Release|Any CPU
		{DA53F78D-076A-4F4F-A26E-E3AC12EC1CA4}.Release|Any CPU.Build.0 = Release|Any CPU
	EndGlobalSection
	GlobalSection(SolutionProperties) = preSolution
		HideSolutionNode = FALSE
	EndGlobalSection
	GlobalSection(ExtensibilityGlobals) = postSolution
		SolutionGuid = {00824292-F18A-4022-BDDB-046A42BE86D2}
	EndGlobalSection
EndGlobal
