
Microsoft Visual Studio Solution File, Format Version 12.00
# Visual Studio Version 16
VisualStudioVersion = 16.0.29020.237
MinimumVisualStudioVersion = 10.0.40219.1
Project("{FAE04EC0-301F-11D3-BF4B-00C04F79EFBC}") = "ifelseProgram", "ifelseProgram\ifelseProgram.csproj", "{1616766A-C98F-416B-ABB2-176099A003DA}"
EndProject
Global
	GlobalSection(SolutionConfigurationPlatforms) = preSolution
		Debug|Any CPU = Debug|Any CPU
		Release|Any CPU = Release|Any CPU
	EndGlobalSection
	GlobalSection(ProjectConfigurationPlatforms) = postSolution
		{1616766A-C98F-416B-ABB2-176099A003DA}.Debug|Any CPU.ActiveCfg = Debug|Any CPU
		{1616766A-C98F-416B-ABB2-176099A003DA}.Debug|Any CPU.Build.0 = Debug|Any CPU
		{1616766A-C98F-416B-ABB2-176099A003DA}.Release|Any CPU.ActiveCfg = Release|Any CPU
		{1616766A-C98F-416B-ABB2-176099A003DA}.Release|Any CPU.Build.0 = Release|Any CPU
	EndGlobalSection
	GlobalSection(SolutionProperties) = preSolution
		HideSolutionNode = FALSE
	EndGlobalSection
	GlobalSection(ExtensibilityGlobals) = postSolution
		SolutionGuid = {AC4F8446-C45C-471F-889A-33CE4ED0EBEC}
	EndGlobalSection
EndGlobal
