
Microsoft Visual Studio Solution File, Format Version 12.00
# Visual Studio Version 16
VisualStudioVersion = 16.0.29020.237
MinimumVisualStudioVersion = 10.0.40219.1
Project("{FAE04EC0-301F-11D3-BF4B-00C04F79EFBC}") = "House Application Chapter 7", "House Application Chapter 7\House Application Chapter 7.csproj", "{AF922DC3-8EB8-4135-9DB6-38BFC79BDF29}"
EndProject
Global
	GlobalSection(SolutionConfigurationPlatforms) = preSolution
		Debug|Any CPU = Debug|Any CPU
		Release|Any CPU = Release|Any CPU
	EndGlobalSection
	GlobalSection(ProjectConfigurationPlatforms) = postSolution
		{AF922DC3-8EB8-4135-9DB6-38BFC79BDF29}.Debug|Any CPU.ActiveCfg = Debug|Any CPU
		{AF922DC3-8EB8-4135-9DB6-38BFC79BDF29}.Debug|Any CPU.Build.0 = Debug|Any CPU
		{AF922DC3-8EB8-4135-9DB6-38BFC79BDF29}.Release|Any CPU.ActiveCfg = Release|Any CPU
		{AF922DC3-8EB8-4135-9DB6-38BFC79BDF29}.Release|Any CPU.Build.0 = Release|Any CPU
	EndGlobalSection
	GlobalSection(SolutionProperties) = preSolution
		HideSolutionNode = FALSE
	EndGlobalSection
	GlobalSection(ExtensibilityGlobals) = postSolution
		SolutionGuid = {FBB71993-309B-4917-A4CA-6274A75DABE0}
	EndGlobalSection
EndGlobal
