
Microsoft Visual Studio Solution File, Format Version 12.00
# Visual Studio Version 16
VisualStudioVersion = 16.0.29020.237
MinimumVisualStudioVersion = 10.0.40219.1
Project("{FAE04EC0-301F-11D3-BF4B-00C04F79EFBC}") = "RealWorkApp", "RealWorkApp\RealWorkApp.csproj", "{81DC1E38-C23F-479C-AD04-BB81B121055F}"
EndProject
Global
	GlobalSection(SolutionConfigurationPlatforms) = preSolution
		Debug|Any CPU = Debug|Any CPU
		Release|Any CPU = Release|Any CPU
	EndGlobalSection
	GlobalSection(ProjectConfigurationPlatforms) = postSolution
		{81DC1E38-C23F-479C-AD04-BB81B121055F}.Debug|Any CPU.ActiveCfg = Debug|Any CPU
		{81DC1E38-C23F-479C-AD04-BB81B121055F}.Debug|Any CPU.Build.0 = Debug|Any CPU
		{81DC1E38-C23F-479C-AD04-BB81B121055F}.Release|Any CPU.ActiveCfg = Release|Any CPU
		{81DC1E38-C23F-479C-AD04-BB81B121055F}.Release|Any CPU.Build.0 = Release|Any CPU
	EndGlobalSection
	GlobalSection(SolutionProperties) = preSolution
		HideSolutionNode = FALSE
	EndGlobalSection
	GlobalSection(ExtensibilityGlobals) = postSolution
		SolutionGuid = {F897EC20-93DF-438F-9D45-8B615AFB1A2D}
	EndGlobalSection
EndGlobal
