
Microsoft Visual Studio Solution File, Format Version 12.00
# Visual Studio Version 16
VisualStudioVersion = 16.0.29020.237
MinimumVisualStudioVersion = 10.0.40219.1
Project("{FAE04EC0-301F-11D3-BF4B-00C04F79EFBC}") = "Chapter 13 Application 4", "Chapter 13 Application 4\Chapter 13 Application 4.csproj", "{2FDD7234-D35C-4C5A-87C9-3DB609650810}"
EndProject
Global
	GlobalSection(SolutionConfigurationPlatforms) = preSolution
		Debug|Any CPU = Debug|Any CPU
		Release|Any CPU = Release|Any CPU
	EndGlobalSection
	GlobalSection(ProjectConfigurationPlatforms) = postSolution
		{2FDD7234-D35C-4C5A-87C9-3DB609650810}.Debug|Any CPU.ActiveCfg = Debug|Any CPU
		{2FDD7234-D35C-4C5A-87C9-3DB609650810}.Debug|Any CPU.Build.0 = Debug|Any CPU
		{2FDD7234-D35C-4C5A-87C9-3DB609650810}.Release|Any CPU.ActiveCfg = Release|Any CPU
		{2FDD7234-D35C-4C5A-87C9-3DB609650810}.Release|Any CPU.Build.0 = Release|Any CPU
	EndGlobalSection
	GlobalSection(SolutionProperties) = preSolution
		HideSolutionNode = FALSE
	EndGlobalSection
	GlobalSection(ExtensibilityGlobals) = postSolution
		SolutionGuid = {6F29759B-B9F9-42DB-83B3-3217E205CC21}
	EndGlobalSection
EndGlobal
